
Microsoft Visual Studio Solution File, Format Version 12.00
# Visual Studio 15
VisualStudioVersion = 15.0.28307.421
MinimumVisualStudioVersion = 10.0.40219.1
Project("{8BC9CEB8-8B4A-11D0-8D11-00A0C91BC942}") = "Roach2_OBC", "Roach2_Firmware\Roach2_Firmware.vcxproj", "{3F0BF7B1-3D15-490D-A32C-88796D67460D}"
EndProject
Project("{8BC9CEB8-8B4A-11D0-8D11-00A0C91BC942}") = "Roach2_RCU", "Roach2_RCU\Roach2_RCU.vcxproj", "{99DA05F2-5D72-4EE6-9C23-DDB4F4DA1931}"
EndProject
Project("{8BC9CEB8-8B4A-11D0-8D11-00A0C91BC942}") = "Roach2_Comm", "Roach2_Comm\Roach2_Comm.vcxproj", "{63D90CA3-9AE2-4E88-86C7-4F8C119762C6}"
EndProject
Project("{8BC9CEB8-8B4A-11D0-8D11-00A0C91BC942}") = "Roach2_Sensor", "Roach2_Sensor\Roach2_Sensor.vcxproj", "{7046DE7B-2B66-4B52-A291-D712025D0F0D}"
EndProject
Project("{8BC9CEB8-8B4A-11D0-8D11-00A0C91BC942}") = "Roach2_Processing", "Roach2_Processing\Roach2_Processing.vcxproj", "{99D220A8-842C-4DD1-B597-8B119224252D}"
EndProject
Project("{8BC9CEB8-8B4A-11D0-8D11-00A0C91BC942}") = "Roach2_Camera", "Roach2_Camera\Roach2_Camera.vcxproj", "{F1310822-ADD5-4D06-8E7A-D4D710980391}"
EndProject
Project("{8BC9CEB8-8B4A-11D0-8D11-00A0C91BC942}") = "Roach2_DataStore", "Roach2_DataStore\Roach2_DataStore.vcxproj", "{F2DAC19D-C6F3-4B98-89DF-257A207661F9}"
EndProject
Project("{8BC9CEB8-8B4A-11D0-8D11-00A0C91BC942}") = "Roach2_Actuators", "Roach2_Actuators\Roach2_Actuators.vcxproj", "{981203A2-0FE1-40A4-9F82-622CBC3A5CC7}"
EndProject
Project("{8BC9CEB8-8B4A-11D0-8D11-00A0C91BC942}") = "Roach2_Control", "Roach2_Control\Roach2_Control.vcxproj", "{3A5F7CF7-E7A7-4A72-9D0D-FCB86063F826}"
EndProject
Project("{8BC9CEB8-8B4A-11D0-8D11-00A0C91BC942}") = "SQLite", "SQLite\SQLite.vcxproj", "{160CE38D-814E-43B5-89A7-F92AB5207DF8}"
EndProject
Global
	GlobalSection(SolutionConfigurationPlatforms) = preSolution
		Debug|ARM = Debug|ARM
		Debug|ARM64 = Debug|ARM64
		Debug|x64 = Debug|x64
		Debug|x86 = Debug|x86
		Release|ARM = Release|ARM
		Release|ARM64 = Release|ARM64
		Release|x64 = Release|x64
		Release|x86 = Release|x86
	EndGlobalSection
	GlobalSection(ProjectConfigurationPlatforms) = postSolution
		{3F0BF7B1-3D15-490D-A32C-88796D67460D}.Debug|ARM.ActiveCfg = Debug|ARM
		{3F0BF7B1-3D15-490D-A32C-88796D67460D}.Debug|ARM.Build.0 = Debug|ARM
		{3F0BF7B1-3D15-490D-A32C-88796D67460D}.Debug|ARM64.ActiveCfg = Debug|ARM64
		{3F0BF7B1-3D15-490D-A32C-88796D67460D}.Debug|ARM64.Build.0 = Debug|ARM64
		{3F0BF7B1-3D15-490D-A32C-88796D67460D}.Debug|x64.ActiveCfg = Debug|ARM
		{3F0BF7B1-3D15-490D-A32C-88796D67460D}.Debug|x86.ActiveCfg = Debug|ARM
		{3F0BF7B1-3D15-490D-A32C-88796D67460D}.Release|ARM.ActiveCfg = Release|ARM
		{3F0BF7B1-3D15-490D-A32C-88796D67460D}.Release|ARM.Build.0 = Release|ARM
		{3F0BF7B1-3D15-490D-A32C-88796D67460D}.Release|ARM64.ActiveCfg = Release|ARM64
		{3F0BF7B1-3D15-490D-A32C-88796D67460D}.Release|ARM64.Build.0 = Release|ARM64
		{3F0BF7B1-3D15-490D-A32C-88796D67460D}.Release|x64.ActiveCfg = Release|ARM
		{3F0BF7B1-3D15-490D-A32C-88796D67460D}.Release|x86.ActiveCfg = Release|ARM
		{99DA05F2-5D72-4EE6-9C23-DDB4F4DA1931}.Debug|ARM.ActiveCfg = Debug|ARM
		{99DA05F2-5D72-4EE6-9C23-DDB4F4DA1931}.Debug|ARM.Build.0 = Debug|ARM
		{99DA05F2-5D72-4EE6-9C23-DDB4F4DA1931}.Debug|ARM64.ActiveCfg = Debug|ARM64
		{99DA05F2-5D72-4EE6-9C23-DDB4F4DA1931}.Debug|ARM64.Build.0 = Debug|ARM64
		{99DA05F2-5D72-4EE6-9C23-DDB4F4DA1931}.Debug|x64.ActiveCfg = Debug|ARM
		{99DA05F2-5D72-4EE6-9C23-DDB4F4DA1931}.Debug|x86.ActiveCfg = Debug|ARM
		{99DA05F2-5D72-4EE6-9C23-DDB4F4DA1931}.Release|ARM.ActiveCfg = Release|ARM
		{99DA05F2-5D72-4EE6-9C23-DDB4F4DA1931}.Release|ARM.Build.0 = Release|ARM
		{99DA05F2-5D72-4EE6-9C23-DDB4F4DA1931}.Release|ARM64.ActiveCfg = Release|ARM64
		{99DA05F2-5D72-4EE6-9C23-DDB4F4DA1931}.Release|ARM64.Build.0 = Release|ARM64
		{99DA05F2-5D72-4EE6-9C23-DDB4F4DA1931}.Release|x64.ActiveCfg = Release|ARM
		{99DA05F2-5D72-4EE6-9C23-DDB4F4DA1931}.Release|x86.ActiveCfg = Release|ARM
		{63D90CA3-9AE2-4E88-86C7-4F8C119762C6}.Debug|ARM.ActiveCfg = Debug|ARM
		{63D90CA3-9AE2-4E88-86C7-4F8C119762C6}.Debug|ARM.Build.0 = Debug|ARM
		{63D90CA3-9AE2-4E88-86C7-4F8C119762C6}.Debug|ARM64.ActiveCfg = Debug|ARM64
		{63D90CA3-9AE2-4E88-86C7-4F8C119762C6}.Debug|ARM64.Build.0 = Debug|ARM64
		{63D90CA3-9AE2-4E88-86C7-4F8C119762C6}.Debug|x64.ActiveCfg = Debug|x64
		{63D90CA3-9AE2-4E88-86C7-4F8C119762C6}.Debug|x64.Build.0 = Debug|x64
		{63D90CA3-9AE2-4E88-86C7-4F8C119762C6}.Debug|x86.ActiveCfg = Debug|x86
		{63D90CA3-9AE2-4E88-86C7-4F8C119762C6}.Debug|x86.Build.0 = Debug|x86
		{63D90CA3-9AE2-4E88-86C7-4F8C119762C6}.Release|ARM.ActiveCfg = Release|ARM
		{63D90CA3-9AE2-4E88-86C7-4F8C119762C6}.Release|ARM.Build.0 = Release|ARM
		{63D90CA3-9AE2-4E88-86C7-4F8C119762C6}.Release|ARM64.ActiveCfg = Release|ARM64
		{63D90CA3-9AE2-4E88-86C7-4F8C119762C6}.Release|ARM64.Build.0 = Release|ARM64
		{63D90CA3-9AE2-4E88-86C7-4F8C119762C6}.Release|x64.ActiveCfg = Release|x64
		{63D90CA3-9AE2-4E88-86C7-4F8C119762C6}.Release|x64.Build.0 = Release|x64
		{63D90CA3-9AE2-4E88-86C7-4F8C119762C6}.Release|x86.ActiveCfg = Release|x86
		{63D90CA3-9AE2-4E88-86C7-4F8C119762C6}.Release|x86.Build.0 = Release|x86
		{7046DE7B-2B66-4B52-A291-D712025D0F0D}.Debug|ARM.ActiveCfg = Debug|ARM
		{7046DE7B-2B66-4B52-A291-D712025D0F0D}.Debug|ARM.Build.0 = Debug|ARM
		{7046DE7B-2B66-4B52-A291-D712025D0F0D}.Debug|ARM64.ActiveCfg = Debug|ARM64
		{7046DE7B-2B66-4B52-A291-D712025D0F0D}.Debug|ARM64.Build.0 = Debug|ARM64
		{7046DE7B-2B66-4B52-A291-D712025D0F0D}.Debug|x64.ActiveCfg = Debug|x64
		{7046DE7B-2B66-4B52-A291-D712025D0F0D}.Debug|x64.Build.0 = Debug|x64
		{7046DE7B-2B66-4B52-A291-D712025D0F0D}.Debug|x86.ActiveCfg = Debug|x86
		{7046DE7B-2B66-4B52-A291-D712025D0F0D}.Debug|x86.Build.0 = Debug|x86
		{7046DE7B-2B66-4B52-A291-D712025D0F0D}.Release|ARM.ActiveCfg = Release|ARM
		{7046DE7B-2B66-4B52-A291-D712025D0F0D}.Release|ARM.Build.0 = Release|ARM
		{7046DE7B-2B66-4B52-A291-D712025D0F0D}.Release|ARM64.ActiveCfg = Release|ARM64
		{7046DE7B-2B66-4B52-A291-D712025D0F0D}.Release|ARM64.Build.0 = Release|ARM64
		{7046DE7B-2B66-4B52-A291-D712025D0F0D}.Release|x64.ActiveCfg = Release|x64
		{7046DE7B-2B66-4B52-A291-D712025D0F0D}.Release|x64.Build.0 = Release|x64
		{7046DE7B-2B66-4B52-A291-D712025D0F0D}.Release|x86.ActiveCfg = Release|x86
		{7046DE7B-2B66-4B52-A291-D712025D0F0D}.Release|x86.Build.0 = Release|x86
		{99D220A8-842C-4DD1-B597-8B119224252D}.Debug|ARM.ActiveCfg = Debug|ARM
		{99D220A8-842C-4DD1-B597-8B119224252D}.Debug|ARM.Build.0 = Debug|ARM
		{99D220A8-842C-4DD1-B597-8B119224252D}.Debug|ARM64.ActiveCfg = Debug|ARM64
		{99D220A8-842C-4DD1-B597-8B119224252D}.Debug|ARM64.Build.0 = Debug|ARM64
		{99D220A8-842C-4DD1-B597-8B119224252D}.Debug|x64.ActiveCfg = Debug|x64
		{99D220A8-842C-4DD1-B597-8B119224252D}.Debug|x64.Build.0 = Debug|x64
		{99D220A8-842C-4DD1-B597-8B119224252D}.Debug|x86.ActiveCfg = Debug|x86
		{99D220A8-842C-4DD1-B597-8B119224252D}.Debug|x86.Build.0 = Debug|x86
		{99D220A8-842C-4DD1-B597-8B119224252D}.Release|ARM.ActiveCfg = Release|ARM
		{99D220A8-842C-4DD1-B597-8B119224252D}.Release|ARM.Build.0 = Release|ARM
		{99D220A8-842C-4DD1-B597-8B119224252D}.Release|ARM64.ActiveCfg = Release|ARM64
		{99D220A8-842C-4DD1-B597-8B119224252D}.Release|ARM64.Build.0 = Release|ARM64
		{99D220A8-842C-4DD1-B597-8B119224252D}.Release|x64.ActiveCfg = Release|x64
		{99D220A8-842C-4DD1-B597-8B119224252D}.Release|x64.Build.0 = Release|x64
		{99D220A8-842C-4DD1-B597-8B119224252D}.Release|x86.ActiveCfg = Release|x86
		{99D220A8-842C-4DD1-B597-8B119224252D}.Release|x86.Build.0 = Release|x86
		{F1310822-ADD5-4D06-8E7A-D4D710980391}.Debug|ARM.ActiveCfg = Debug|ARM
		{F1310822-ADD5-4D06-8E7A-D4D710980391}.Debug|ARM.Build.0 = Debug|ARM
		{F1310822-ADD5-4D06-8E7A-D4D710980391}.Debug|ARM64.ActiveCfg = Debug|ARM64
		{F1310822-ADD5-4D06-8E7A-D4D710980391}.Debug|ARM64.Build.0 = Debug|ARM64
		{F1310822-ADD5-4D06-8E7A-D4D710980391}.Debug|x64.ActiveCfg = Debug|x64
		{F1310822-ADD5-4D06-8E7A-D4D710980391}.Debug|x64.Build.0 = Debug|x64
		{F1310822-ADD5-4D06-8E7A-D4D710980391}.Debug|x86.ActiveCfg = Debug|x86
		{F1310822-ADD5-4D06-8E7A-D4D710980391}.Debug|x86.Build.0 = Debug|x86
		{F1310822-ADD5-4D06-8E7A-D4D710980391}.Release|ARM.ActiveCfg = Release|ARM
		{F1310822-ADD5-4D06-8E7A-D4D710980391}.Release|ARM.Build.0 = Release|ARM
		{F1310822-ADD5-4D06-8E7A-D4D710980391}.Release|ARM64.ActiveCfg = Release|ARM64
		{F1310822-ADD5-4D06-8E7A-D4D710980391}.Release|ARM64.Build.0 = Release|ARM64
		{F1310822-ADD5-4D06-8E7A-D4D710980391}.Release|x64.ActiveCfg = Release|x64
		{F1310822-ADD5-4D06-8E7A-D4D710980391}.Release|x64.Build.0 = Release|x64
		{F1310822-ADD5-4D06-8E7A-D4D710980391}.Release|x86.ActiveCfg = Release|x86
		{F1310822-ADD5-4D06-8E7A-D4D710980391}.Release|x86.Build.0 = Release|x86
		{F2DAC19D-C6F3-4B98-89DF-257A207661F9}.Debug|ARM.ActiveCfg = Debug|ARM
		{F2DAC19D-C6F3-4B98-89DF-257A207661F9}.Debug|ARM.Build.0 = Debug|ARM
		{F2DAC19D-C6F3-4B98-89DF-257A207661F9}.Debug|ARM64.ActiveCfg = Debug|ARM64
		{F2DAC19D-C6F3-4B98-89DF-257A207661F9}.Debug|ARM64.Build.0 = Debug|ARM64
		{F2DAC19D-C6F3-4B98-89DF-257A207661F9}.Debug|x64.ActiveCfg = Debug|x64
		{F2DAC19D-C6F3-4B98-89DF-257A207661F9}.Debug|x64.Build.0 = Debug|x64
		{F2DAC19D-C6F3-4B98-89DF-257A207661F9}.Debug|x86.ActiveCfg = Debug|x86
		{F2DAC19D-C6F3-4B98-89DF-257A207661F9}.Debug|x86.Build.0 = Debug|x86
		{F2DAC19D-C6F3-4B98-89DF-257A207661F9}.Release|ARM.ActiveCfg = Release|ARM
		{F2DAC19D-C6F3-4B98-89DF-257A207661F9}.Release|ARM.Build.0 = Release|ARM
		{F2DAC19D-C6F3-4B98-89DF-257A207661F9}.Release|ARM64.ActiveCfg = Release|ARM64
		{F2DAC19D-C6F3-4B98-89DF-257A207661F9}.Release|ARM64.Build.0 = Release|ARM64
		{F2DAC19D-C6F3-4B98-89DF-257A207661F9}.Release|x64.ActiveCfg = Release|x64
		{F2DAC19D-C6F3-4B98-89DF-257A207661F9}.Release|x64.Build.0 = Release|x64
		{F2DAC19D-C6F3-4B98-89DF-257A207661F9}.Release|x86.ActiveCfg = Release|x86
		{F2DAC19D-C6F3-4B98-89DF-257A207661F9}.Release|x86.Build.0 = Release|x86
		{981203A2-0FE1-40A4-9F82-622CBC3A5CC7}.Debug|ARM.ActiveCfg = Debug|ARM
		{981203A2-0FE1-40A4-9F82-622CBC3A5CC7}.Debug|ARM.Build.0 = Debug|ARM
		{981203A2-0FE1-40A4-9F82-622CBC3A5CC7}.Debug|ARM64.ActiveCfg = Debug|ARM64
		{981203A2-0FE1-40A4-9F82-622CBC3A5CC7}.Debug|ARM64.Build.0 = Debug|ARM64
		{981203A2-0FE1-40A4-9F82-622CBC3A5CC7}.Debug|x64.ActiveCfg = Debug|x64
		{981203A2-0FE1-40A4-9F82-622CBC3A5CC7}.Debug|x64.Build.0 = Debug|x64
		{981203A2-0FE1-40A4-9F82-622CBC3A5CC7}.Debug|x86.ActiveCfg = Debug|x86
		{981203A2-0FE1-40A4-9F82-622CBC3A5CC7}.Debug|x86.Build.0 = Debug|x86
		{981203A2-0FE1-40A4-9F82-622CBC3A5CC7}.Release|ARM.ActiveCfg = Release|ARM
		{981203A2-0FE1-40A4-9F82-622CBC3A5CC7}.Release|ARM.Build.0 = Release|ARM
		{981203A2-0FE1-40A4-9F82-622CBC3A5CC7}.Release|ARM64.ActiveCfg = Release|ARM64
		{981203A2-0FE1-40A4-9F82-622CBC3A5CC7}.Release|ARM64.Build.0 = Release|ARM64
		{981203A2-0FE1-40A4-9F82-622CBC3A5CC7}.Release|x64.ActiveCfg = Release|x64
		{981203A2-0FE1-40A4-9F82-622CBC3A5CC7}.Release|x64.Build.0 = Release|x64
		{981203A2-0FE1-40A4-9F82-622CBC3A5CC7}.Release|x86.ActiveCfg = Release|x86
		{981203A2-0FE1-40A4-9F82-622CBC3A5CC7}.Release|x86.Build.0 = Release|x86
		{3A5F7CF7-E7A7-4A72-9D0D-FCB86063F826}.Debug|ARM.ActiveCfg = Debug|ARM
		{3A5F7CF7-E7A7-4A72-9D0D-FCB86063F826}.Debug|ARM.Build.0 = Debug|ARM
		{3A5F7CF7-E7A7-4A72-9D0D-FCB86063F826}.Debug|ARM64.ActiveCfg = Debug|ARM64
		{3A5F7CF7-E7A7-4A72-9D0D-FCB86063F826}.Debug|ARM64.Build.0 = Debug|ARM64
		{3A5F7CF7-E7A7-4A72-9D0D-FCB86063F826}.Debug|x64.ActiveCfg = Debug|x64
		{3A5F7CF7-E7A7-4A72-9D0D-FCB86063F826}.Debug|x64.Build.0 = Debug|x64
		{3A5F7CF7-E7A7-4A72-9D0D-FCB86063F826}.Debug|x86.ActiveCfg = Debug|x86
		{3A5F7CF7-E7A7-4A72-9D0D-FCB86063F826}.Debug|x86.Build.0 = Debug|x86
		{3A5F7CF7-E7A7-4A72-9D0D-FCB86063F826}.Release|ARM.ActiveCfg = Release|ARM
		{3A5F7CF7-E7A7-4A72-9D0D-FCB86063F826}.Release|ARM.Build.0 = Release|ARM
		{3A5F7CF7-E7A7-4A72-9D0D-FCB86063F826}.Release|ARM64.ActiveCfg = Release|ARM64
		{3A5F7CF7-E7A7-4A72-9D0D-FCB86063F826}.Release|ARM64.Build.0 = Release|ARM64
		{3A5F7CF7-E7A7-4A72-9D0D-FCB86063F826}.Release|x64.ActiveCfg = Release|x64
		{3A5F7CF7-E7A7-4A72-9D0D-FCB86063F826}.Release|x64.Build.0 = Release|x64
		{3A5F7CF7-E7A7-4A72-9D0D-FCB86063F826}.Release|x86.ActiveCfg = Release|x86
		{3A5F7CF7-E7A7-4A72-9D0D-FCB86063F826}.Release|x86.Build.0 = Release|x86
		{160CE38D-814E-43B5-89A7-F92AB5207DF8}.Debug|ARM.ActiveCfg = Debug|ARM
		{160CE38D-814E-43B5-89A7-F92AB5207DF8}.Debug|ARM.Build.0 = Debug|ARM
		{160CE38D-814E-43B5-89A7-F92AB5207DF8}.Debug|ARM64.ActiveCfg = Debug|ARM64
		{160CE38D-814E-43B5-89A7-F92AB5207DF8}.Debug|ARM64.Build.0 = Debug|ARM64
		{160CE38D-814E-43B5-89A7-F92AB5207DF8}.Debug|x64.ActiveCfg = Debug|x64
		{160CE38D-814E-43B5-89A7-F92AB5207DF8}.Debug|x64.Build.0 = Debug|x64
		{160CE38D-814E-43B5-89A7-F92AB5207DF8}.Debug|x86.ActiveCfg = Debug|x86
		{160CE38D-814E-43B5-89A7-F92AB5207DF8}.Debug|x86.Build.0 = Debug|x86
		{160CE38D-814E-43B5-89A7-F92AB5207DF8}.Release|ARM.ActiveCfg = Release|ARM
		{160CE38D-814E-43B5-89A7-F92AB5207DF8}.Release|ARM.Build.0 = Release|ARM
		{160CE38D-814E-43B5-89A7-F92AB5207DF8}.Release|ARM64.ActiveCfg = Release|ARM64
		{160CE38D-814E-43B5-89A7-F92AB5207DF8}.Release|ARM64.Build.0 = Release|ARM64
		{160CE38D-814E-43B5-89A7-F92AB5207DF8}.Release|x64.ActiveCfg = Release|x64
		{160CE38D-814E-43B5-89A7-F92AB5207DF8}.Release|x64.Build.0 = Release|x64
		{160CE38D-814E-43B5-89A7-F92AB5207DF8}.Release|x86.ActiveCfg = Release|x86
		{160CE38D-814E-43B5-89A7-F92AB5207DF8}.Release|x86.Build.0 = Release|x86
	EndGlobalSection
	GlobalSection(SolutionProperties) = preSolution
		HideSolutionNode = FALSE
	EndGlobalSection
	GlobalSection(ExtensibilityGlobals) = postSolution
		SolutionGuid = {8A722BCE-123E-4F19-A8F4-AC6452EF4896}
	EndGlobalSection
EndGlobal
