<?xml version="1.0" encoding="utf-8"?>
<Project ToolsVersion="4.0" xmlns="http://schemas.microsoft.com/developer/msbuild/2003">
  <ItemGroup>
    <ClInclude Include="ReceiveHandler.h" />
    <ClInclude Include="Connection.h" />
    <ClInclude Include="UART.h" />
    <ClInclude Include="RocketSignals.h" />
    <ClInclude Include="clientsock.h" />
    <ClInclude Include="serversock.h" />
    <ClInclude Include="socket.h" />
    <ClInclude Include="EthernetServer.h" />
    <ClInclude Include="EthernetClient.h" />
  </ItemGroup>
  <ItemGroup>
    <ClCompile Include="UART.cpp" />
    <ClCompile Include="RocketSignals.cpp" />
    <ClCompile Include="clientsock.cpp" />
    <ClCompile Include="serversock.cpp" />
    <ClCompile Include="socket.cpp" />
    <ClCompile Include="EthernetServer.cpp" />
    <ClCompile Include="EthernetClient.cpp" />
  </ItemGroup>
</Project>