<?xml version="1.0" encoding="utf-8"?>
<Project ToolsVersion="4.0" xmlns="http://schemas.microsoft.com/developer/msbuild/2003">
  <ItemGroup>
    <ClCompile Include="ARM_Systeminfo.cpp" />
    <ClCompile Include="imu_neu.cpp" />
    <ClCompile Include="OBC_Systemstatus.cpp" />
    <ClCompile Include="RCU_Systemstatus.cpp" />
    <ClCompile Include="Roach2_Sensor_adc.cpp" />
    <ClCompile Include="Roach2_Sensor_rotEnc.cpp" />
    <ClCompile Include="Roach2_Sensor_Sensor.cpp" />
    <ClCompile Include="temp.cpp" />
    <ClCompile Include="STVL53L0X\platform\src\vl53l0x_i2c_win_serial_comms.c">
      <Filter>STVL53L0X</Filter>
    </ClCompile>
    <ClCompile Include="STVL53L0X\platform\src\vl53l0x_platform.c">
      <Filter>STVL53L0X</Filter>
    </ClCompile>
    <ClCompile Include="STVL53L0X\platform\src\vl53l0x_platform_log.c">
      <Filter>STVL53L0X</Filter>
    </ClCompile>
    <ClCompile Include="STVL53L0X\core\src\vl53l0x_api.c">
      <Filter>STVL53L0X</Filter>
    </ClCompile>
    <ClCompile Include="STVL53L0X\core\src\vl53l0x_api_calibration.c">
      <Filter>STVL53L0X</Filter>
    </ClCompile>
    <ClCompile Include="STVL53L0X\core\src\vl53l0x_api_core.c">
      <Filter>STVL53L0X</Filter>
    </ClCompile>
    <ClCompile Include="STVL53L0X\core\src\vl53l0x_api_ranging.c">
      <Filter>STVL53L0X</Filter>
    </ClCompile>
    <ClCompile Include="STVL53L0X\core\src\vl53l0x_api_strings.c">
      <Filter>STVL53L0X</Filter>
    </ClCompile>
    <ClCompile Include="LaserDist_VL530LX.cpp" />
  </ItemGroup>
  <ItemGroup>
    <ClInclude Include="ARM_Systeminfo.h" />
    <ClInclude Include="imu_neu.h" />
    <ClInclude Include="OBC_Systemstatus.h" />
    <ClInclude Include="RCU_Systemstatus.h" />
    <ClInclude Include="Roach2_Sensor_adc.h" />
    <ClInclude Include="Roach2_Sensor_rotEnc.h" />
    <ClInclude Include="Roach2_Sensor_Sensor.h" />
    <ClInclude Include="Temp.h" />
    <ClInclude Include="STVL53L0X\platform\inc\vl53l0x_i2c_platform.h">
      <Filter>STVL53L0X</Filter>
    </ClInclude>
    <ClInclude Include="STVL53L0X\platform\inc\vl53l0x_platform.h">
      <Filter>STVL53L0X</Filter>
    </ClInclude>
    <ClInclude Include="STVL53L0X\platform\inc\vl53l0x_platform_log.h">
      <Filter>STVL53L0X</Filter>
    </ClInclude>
    <ClInclude Include="STVL53L0X\platform\inc\vl53l0x_types.h">
      <Filter>STVL53L0X</Filter>
    </ClInclude>
    <ClInclude Include="STVL53L0X\core\inc\vl53l0x_api.h">
      <Filter>STVL53L0X</Filter>
    </ClInclude>
    <ClInclude Include="STVL53L0X\core\inc\vl53l0x_api_calibration.h">
      <Filter>STVL53L0X</Filter>
    </ClInclude>
    <ClInclude Include="STVL53L0X\core\inc\vl53l0x_api_core.h">
      <Filter>STVL53L0X</Filter>
    </ClInclude>
    <ClInclude Include="STVL53L0X\core\inc\vl53l0x_api_ranging.h">
      <Filter>STVL53L0X</Filter>
    </ClInclude>
    <ClInclude Include="STVL53L0X\core\inc\vl53l0x_api_strings.h">
      <Filter>STVL53L0X</Filter>
    </ClInclude>
    <ClInclude Include="STVL53L0X\core\inc\vl53l0x_def.h">
      <Filter>STVL53L0X</Filter>
    </ClInclude>
    <ClInclude Include="STVL53L0X\core\inc\vl53l0x_device.h">
      <Filter>STVL53L0X</Filter>
    </ClInclude>
    <ClInclude Include="STVL53L0X\core\inc\vl53l0x_interrupt_threshold_settings.h">
      <Filter>STVL53L0X</Filter>
    </ClInclude>
    <ClInclude Include="STVL53L0X\core\inc\vl53l0x_tuning.h">
      <Filter>STVL53L0X</Filter>
    </ClInclude>
    <ClInclude Include="LaserDist_VL530LX.h" />
  </ItemGroup>
  <ItemGroup>
    <Filter Include="STVL53L0X">
      <UniqueIdentifier>{b6a06757-c256-47ae-96d3-b4a811dc59be}</UniqueIdentifier>
    </Filter>
  </ItemGroup>
  <ItemGroup>
    <None Include="STVL53L0X\core\src\vl53l0x_api.c.bak">
      <Filter>STVL53L0X</Filter>
    </None>
  </ItemGroup>
</Project>